
Microsoft Visual Studio Solution File, Format Version 12.00
# Visual Studio Version 17
VisualStudioVersion = 17.14.36518.9
MinimumVisualStudioVersion = 10.0.40219.1
Project("{FAE04EC0-301F-11D3-BF4B-00C04F79EFBC}") = "ServerForm", "ServerForm\ServerForm.csproj", "{1DB37447-76ED-464D-AD9F-57F537D10650}"
EndProject
Project("{FAE04EC0-301F-11D3-BF4B-00C04F79EFBC}") = "Client", "C:\Users\Khiem Nguyen\Downloads\Test\Test\Client\Client.csproj", "{E9CE92F8-3E26-4CAF-B90B-9F782B5D99EB}"
EndProject
Global
	GlobalSection(SolutionConfigurationPlatforms) = preSolution
		Debug|Any CPU = Debug|Any CPU
		Release|Any CPU = Release|Any CPU
	EndGlobalSection
	GlobalSection(ProjectConfigurationPlatforms) = postSolution
		{1DB37447-76ED-464D-AD9F-57F537D10650}.Debug|Any CPU.ActiveCfg = Debug|Any CPU
		{1DB37447-76ED-464D-AD9F-57F537D10650}.Debug|Any CPU.Build.0 = Debug|Any CPU
		{1DB37447-76ED-464D-AD9F-57F537D10650}.Release|Any CPU.ActiveCfg = Release|Any CPU
		{1DB37447-76ED-464D-AD9F-57F537D10650}.Release|Any CPU.Build.0 = Release|Any CPU
		{E9CE92F8-3E26-4CAF-B90B-9F782B5D99EB}.Debug|Any CPU.ActiveCfg = Debug|Any CPU
		{E9CE92F8-3E26-4CAF-B90B-9F782B5D99EB}.Debug|Any CPU.Build.0 = Debug|Any CPU
		{E9CE92F8-3E26-4CAF-B90B-9F782B5D99EB}.Release|Any CPU.ActiveCfg = Release|Any CPU
		{E9CE92F8-3E26-4CAF-B90B-9F782B5D99EB}.Release|Any CPU.Build.0 = Release|Any CPU
	EndGlobalSection
	GlobalSection(SolutionProperties) = preSolution
		HideSolutionNode = FALSE
	EndGlobalSection
	GlobalSection(ExtensibilityGlobals) = postSolution
		SolutionGuid = {105CEAFA-25AE-4F38-81F3-87B1A54FEB32}
	EndGlobalSection
EndGlobal
